
Microsoft Visual Studio Solution File, Format Version 12.00
# Visual Studio Version 17
VisualStudioVersion = 17.7.34202.233
MinimumVisualStudioVersion = 10.0.40219.1
Project("{FAE04EC0-301F-11D3-BF4B-00C04F79EFBC}") = "MyVaccine.WebApi", "MyVaccine.WebApi\MyVaccine.WebApi.csproj", "{37871544-D66A-4452-B363-56FAE717AE8E}"
EndProject
Global
	GlobalSection(SolutionConfigurationPlatforms) = preSolution
		Debug|Any CPU = Debug|Any CPU
		Release|Any CPU = Release|Any CPU
	EndGlobalSection
	GlobalSection(ProjectConfigurationPlatforms) = postSolution
		{37871544-D66A-4452-B363-56FAE717AE8E}.Debug|Any CPU.ActiveCfg = Debug|Any CPU
		{37871544-D66A-4452-B363-56FAE717AE8E}.Debug|Any CPU.Build.0 = Debug|Any CPU
		{37871544-D66A-4452-B363-56FAE717AE8E}.Release|Any CPU.ActiveCfg = Release|Any CPU
		{37871544-D66A-4452-B363-56FAE717AE8E}.Release|Any CPU.Build.0 = Release|Any CPU
	EndGlobalSection
	GlobalSection(SolutionProperties) = preSolution
		HideSolutionNode = FALSE
	EndGlobalSection
	GlobalSection(ExtensibilityGlobals) = postSolution
		SolutionGuid = {4009E61E-4CD9-4E17-9B5A-F8AA9A0C54BE}
	EndGlobalSection
EndGlobal
